PODS:
  - Expecta (1.0.5)
  - MagicalRecord (2.3.2):
    - MagicalRecord/Core (= 2.3.2)
  - MagicalRecord/Core (2.3.2)
  - OCMock (3.3.1)
  - SSDataSources (0.8.5)

DEPENDENCIES:
  - Expecta
  - MagicalRecord (~> 2.3)
  - OCMock
  - SSDataSources (from `../`)

EXTERNAL SOURCES:
  SSDataSources:
    :path: "../"

SPEC CHECKSUMS:
  Expecta: e1c022fcd33910b6be89c291d2775b3fe27a89fe
  MagicalRecord: 53bed74b4323b930992a725be713e53b37d19755
  OCMock: f3f61e6eaa16038c30caa5798c5e49d3307b6f22
  SSDataSources: aeb19695da5b06c49c2d682bf6db84c726d49f91

PODFILE CHECKSUM: 54339f243cea25ee1a8764d910c4c22c8375d235

COCOAPODS: 1.1.1
