PODS:
  - Expecta (0.2.4)
  - MagicalRecord (2.2):
    - MagicalRecord/Core
  - MagicalRecord/Core (2.2)
  - OCMock (2.2.4)
  - SSDataSources (0.7.2)

DEPENDENCIES:
  - Expecta (~> 0.2.1)
  - MagicalRecord (= 2.2)
  - OCMock (~> 2.2)
  - SSDataSources (from `../SSDataSources.podspec`)

EXTERNAL SOURCES:
  SSDataSources:
    :path: ../SSDataSources.podspec

SPEC CHECKSUMS:
  Expecta: 112bcafa2304ee0f3c5e586505f24555a47b25d5
  MagicalRecord: 2b471584fc9e3137f3d0a56967917baa4979e224
  OCMock: 6db79185520e24f9f299548f2b8b07e41d881bd5
  SSDataSources: 3df6686ab85c7d7a23704bd87213067ca28d22df

COCOAPODS: 0.33.1
