// !$*UTF8*$!
{
	archiveVersion = 1;
	classes = {
	};
	objectVersion = 46;
	objects = {

/* Begin PBXBuildFile section */
		492A5D0C179B29B600A137CC /* UIKit.framework in Frameworks */ = {isa = PBXBuildFile; fileRef = 492A5D0B179B29B600A137CC /* UIKit.framework */; };
		492A5D0E179B29B600A137CC /* Foundation.framework in Frameworks */ = {isa = PBXBuildFile; fileRef = 492A5D0D179B29B600A137CC /* Foundation.framework */; };
		492A5D10179B29B600A137CC /* CoreGraphics.framework in Frameworks */ = {isa = PBXBuildFile; fileRef = 492A5D0F179B29B600A137CC /* CoreGraphics.framework */; };
		492A5D16179B29B600A137CC /* InfoPlist.strings in Resources */ = {isa = PBXBuildFile; fileRef = 492A5D14179B29B600A137CC /* InfoPlist.strings */; };
		492A5D18179B29B600A137CC /* main.m in Sources */ = {isa = PBXBuildFile; fileRef = 492A5D17179B29B600A137CC /* main.m */; };
		492A5D1E179B29B600A137CC /* Default.png in Resources */ = {isa = PBXBuildFile; fileRef = 492A5D1D179B29B600A137CC /* Default.png */; };
		492A5D20179B29B600A137CC /* Default@2x.png in Resources */ = {isa = PBXBuildFile; fileRef = 492A5D1F179B29B600A137CC /* Default@2x.png */; };
		492A5D22179B29B600A137CC /* Default-568h@2x.png in Resources */ = {isa = PBXBuildFile; fileRef = 492A5D21179B29B600A137CC /* Default-568h@2x.png */; };
		492A5D2B179B29B600A137CC /* UIKit.framework in Frameworks */ = {isa = PBXBuildFile; fileRef = 492A5D0B179B29B600A137CC /* UIKit.framework */; };
		492A5D2C179B29B600A137CC /* Foundation.framework in Frameworks */ = {isa = PBXBuildFile; fileRef = 492A5D0D179B29B600A137CC /* Foundation.framework */; };
		492A5D34179B29B600A137CC /* InfoPlist.strings in Resources */ = {isa = PBXBuildFile; fileRef = 492A5D32179B29B600A137CC /* InfoPlist.strings */; };
		492A5D48179B2AC800A137CC /* SSAppDelegate.m in Sources */ = {isa = PBXBuildFile; fileRef = 492A5D41179B2AC800A137CC /* SSAppDelegate.m */; };
		492A5D49179B2AC800A137CC /* SSCollectionViewController.m in Sources */ = {isa = PBXBuildFile; fileRef = 492A5D43179B2AC800A137CC /* SSCollectionViewController.m */; };
		492A5D4A179B2AC800A137CC /* SSSolidColorCollectionCell.m in Sources */ = {isa = PBXBuildFile; fileRef = 492A5D45179B2AC800A137CC /* SSSolidColorCollectionCell.m */; };
		492A5D4B179B2AC800A137CC /* SSTableViewController.m in Sources */ = {isa = PBXBuildFile; fileRef = 492A5D47179B2AC800A137CC /* SSTableViewController.m */; };
		4958CB46179B4C75006AB61C /* SSArrayDataSourceTests.m in Sources */ = {isa = PBXBuildFile; fileRef = 4958CB45179B4C75006AB61C /* SSArrayDataSourceTests.m */; };
		498D8720179B30CF00C8C365 /* SSBaseDataSourceTests.m in Sources */ = {isa = PBXBuildFile; fileRef = 498D871F179B30CF00C8C365 /* SSBaseDataSourceTests.m */; };
		499A54CE182BDF450009ECF6 /* SSSectionedDataSourceTests.m in Sources */ = {isa = PBXBuildFile; fileRef = 499A54CD182BDF450009ECF6 /* SSSectionedDataSourceTests.m */; };
		49F8C94618EE001300569F18 /* SSArrayDataSourceKeyPathTests.m in Sources */ = {isa = PBXBuildFile; fileRef = 49F8C94518EE001300569F18 /* SSArrayDataSourceKeyPathTests.m */; };
		5E0C9218193A7F8A00713FBE /* ExampleSSDataSources.xcdatamodeld in Sources */ = {isa = PBXBuildFile; fileRef = 5E0C9216193A7F8A00713FBE /* ExampleSSDataSources.xcdatamodeld */; };
		5E0C921E193A7FEE00713FBE /* Wizard.m in Sources */ = {isa = PBXBuildFile; fileRef = 5E0C921D193A7FEE00713FBE /* Wizard.m */; };
		5E0C9220193A80D600713FBE /* SSCoreDataSourceTests.m in Sources */ = {isa = PBXBuildFile; fileRef = 5E0C921F193A80D600713FBE /* SSCoreDataSourceTests.m */; };
		5E0C9222193A831100713FBE /* CoreData.framework in Frameworks */ = {isa = PBXBuildFile; fileRef = 5E0C9221193A831100713FBE /* CoreData.framework */; };
		5E144177179B6B7700030595 /* SSRootViewController.m in Sources */ = {isa = PBXBuildFile; fileRef = 5E144176179B6B7700030595 /* SSRootViewController.m */; };
		5EBDEC0A18F701780031A2B3 /* XCTest.framework in Frameworks */ = {isa = PBXBuildFile; fileRef = 5EBDEC0918F701780031A2B3 /* XCTest.framework */; };
		5ED4A3381A266090001E72B1 /* SSExpandingViewController.m in Sources */ = {isa = PBXBuildFile; fileRef = 5ED4A3371A266090001E72B1 /* SSExpandingViewController.m */; };
		5ED4A33A1A26685A001E72B1 /* SSExpandingDataSourceTests.m in Sources */ = {isa = PBXBuildFile; fileRef = 5ED4A3391A26685A001E72B1 /* SSExpandingDataSourceTests.m */; };
		5ED650AB19D7764400514745 /* Images.xcassets in Resources */ = {isa = PBXBuildFile; fileRef = 5ED650AA19D7764400514745 /* Images.xcassets */; };
		5EDF4B8E17CC1E5700788CB5 /* SSSectionedViewController.m in Sources */ = {isa = PBXBuildFile; fileRef = 5EDF4B8D17CC1E5700788CB5 /* SSSectionedViewController.m */; };
		5EDFCA3D17B41DC50018D895 /* SSCollectionViewSectionHeader.m in Sources */ = {isa = PBXBuildFile; fileRef = 5EDFCA3C17B41DC50018D895 /* SSCollectionViewSectionHeader.m */; };
		9F12BB4FC277A5AFD6375A50 /* libPods-ExampleSSDataSources.a in Frameworks */ = {isa = PBXBuildFile; fileRef = 1FFBB68A55EAF81A1565BB89 /* libPods-ExampleSSDataSources.a */; };
		A69E5B74D1A04ADB91B98B23 /* libPods-ExampleSSDataSourcesTests.a in Frameworks */ = {isa = PBXBuildFile; fileRef = 0B8DA104C6404BC8ACAC8664 /* libPods-ExampleSSDataSourcesTests.a */; };
/* End PBXBuildFile section */

/* Begin PBXContainerItemProxy section */
		492A5D2D179B29B600A137CC /* PBXContainerItemProxy */ = {
			isa = PBXContainerItemProxy;
			containerPortal = 492A5D00179B29B600A137CC /* Project object */;
			proxyType = 1;
			remoteGlobalIDString = 492A5D07179B29B600A137CC;
			remoteInfo = ExampleSSDataSources;
		};
/* End PBXContainerItemProxy section */

/* Begin PBXFileReference section */
		0B8DA104C6404BC8ACAC8664 /* libPods-ExampleSSDataSourcesTests.a */ = {isa = PBXFileReference; explicitFileType = archive.ar; includeInIndex = 0; path = "libPods-ExampleSSDataSourcesTests.a"; sourceTree = BUILT_PRODUCTS_DIR; };
		145B5815CA251A320EAA2F44 /* Pods.debug.xcconfig */ = {isa = PBXFileReference; includeInIndex = 1; lastKnownFileType = text.xcconfig; name = Pods.debug.xcconfig; path = "Pods/Target Support Files/Pods/Pods.debug.xcconfig"; sourceTree = "<group>"; };
		1FFBB68A55EAF81A1565BB89 /* libPods-ExampleSSDataSources.a */ = {isa = PBXFileReference; explicitFileType = archive.ar; includeInIndex = 0; path = "libPods-ExampleSSDataSources.a"; sourceTree = BUILT_PRODUCTS_DIR; };
		252708AA31CB740D809359FB /* Pods-ExampleSSDataSources.debug.xcconfig */ = {isa = PBXFileReference; includeInIndex = 1; lastKnownFileType = text.xcconfig; name = "Pods-ExampleSSDataSources.debug.xcconfig"; path = "Pods/Target Support Files/Pods-ExampleSSDataSources/Pods-ExampleSSDataSources.debug.xcconfig"; sourceTree = "<group>"; };
		3F849C8E056CB675FF1589B9 /* Pods.release.xcconfig */ = {isa = PBXFileReference; includeInIndex = 1; lastKnownFileType = text.xcconfig; name = Pods.release.xcconfig; path = "Pods/Target Support Files/Pods/Pods.release.xcconfig"; sourceTree = "<group>"; };
		492A5D08179B29B600A137CC /* ExampleSSDataSources.app */ = {isa = PBXFileReference; explicitFileType = wrapper.application; includeInIndex = 0; path = ExampleSSDataSources.app; sourceTree = BUILT_PRODUCTS_DIR; };
		492A5D0B179B29B600A137CC /* UIKit.framework */ = {isa = PBXFileReference; lastKnownFileType = wrapper.framework; name = UIKit.framework; path = System/Library/Frameworks/UIKit.framework; sourceTree = SDKROOT; };
		492A5D0D179B29B600A137CC /* Foundation.framework */ = {isa = PBXFileReference; lastKnownFileType = wrapper.framework; name = Foundation.framework; path = System/Library/Frameworks/Foundation.framework; sourceTree = SDKROOT; };
		492A5D0F179B29B600A137CC /* CoreGraphics.framework */ = {isa = PBXFileReference; lastKnownFileType = wrapper.framework; name = CoreGraphics.framework; path = System/Library/Frameworks/CoreGraphics.framework; sourceTree = SDKROOT; };
		492A5D13179B29B600A137CC /* ExampleSSDataSources-Info.plist */ = {isa = PBXFileReference; lastKnownFileType = text.plist.xml; path = "ExampleSSDataSources-Info.plist"; sourceTree = "<group>"; };
		492A5D15179B29B600A137CC /* en */ = {isa = PBXFileReference; lastKnownFileType = text.plist.strings; name = en; path = en.lproj/InfoPlist.strings; sourceTree = "<group>"; };
		492A5D17179B29B600A137CC /* main.m */ = {isa = PBXFileReference; lastKnownFileType = sourcecode.c.objc; path = main.m; sourceTree = "<group>"; };
		492A5D19179B29B600A137CC /* ExampleSSDataSources-Prefix.pch */ = {isa = PBXFileReference; lastKnownFileType = sourcecode.c.h; path = "ExampleSSDataSources-Prefix.pch"; sourceTree = "<group>"; };
		492A5D1D179B29B600A137CC /* Default.png */ = {isa = PBXFileReference; lastKnownFileType = image.png; path = Default.png; sourceTree = "<group>"; };
		492A5D1F179B29B600A137CC /* Default@2x.png */ = {isa = PBXFileReference; lastKnownFileType = image.png; path = "Default@2x.png"; sourceTree = "<group>"; };
		492A5D21179B29B600A137CC /* Default-568h@2x.png */ = {isa = PBXFileReference; lastKnownFileType = image.png; path = "Default-568h@2x.png"; sourceTree = "<group>"; };
		492A5D28179B29B600A137CC /* ExampleSSDataSourcesTests.xctest */ = {isa = PBXFileReference; explicitFileType = wrapper.cfbundle; includeInIndex = 0; path = ExampleSSDataSourcesTests.xctest; sourceTree = BUILT_PRODUCTS_DIR; };
		492A5D29179B29B600A137CC /* SenTestingKit.framework */ = {isa = PBXFileReference; lastKnownFileType = wrapper.framework; name = SenTestingKit.framework; path = Library/Frameworks/SenTestingKit.framework; sourceTree = DEVELOPER_DIR; };
		492A5D31179B29B600A137CC /* ExampleSSDataSourcesTests-Info.plist */ = {isa = PBXFileReference; lastKnownFileType = text.plist.xml; path = "ExampleSSDataSourcesTests-Info.plist"; sourceTree = "<group>"; };
		492A5D33179B29B600A137CC /* en */ = {isa = PBXFileReference; lastKnownFileType = text.plist.strings; name = en; path = en.lproj/InfoPlist.strings; sourceTree = "<group>"; };
		492A5D40179B2AC800A137CC /* SSAppDelegate.h */ = {isa = PBXFileReference; fileEncoding = 4; lastKnownFileType = sourcecode.c.h; path = SSAppDelegate.h; sourceTree = "<group>"; };
		492A5D41179B2AC800A137CC /* SSAppDelegate.m */ = {isa = PBXFileReference; fileEncoding = 4; lastKnownFileType = sourcecode.c.objc; path = SSAppDelegate.m; sourceTree = "<group>"; };
		492A5D42179B2AC800A137CC /* SSCollectionViewController.h */ = {isa = PBXFileReference; fileEncoding = 4; lastKnownFileType = sourcecode.c.h; path = SSCollectionViewController.h; sourceTree = "<group>"; };
		492A5D43179B2AC800A137CC /* SSCollectionViewController.m */ = {isa = PBXFileReference; fileEncoding = 4; lastKnownFileType = sourcecode.c.objc; path = SSCollectionViewController.m; sourceTree = "<group>"; };
		492A5D44179B2AC800A137CC /* SSSolidColorCollectionCell.h */ = {isa = PBXFileReference; fileEncoding = 4; lastKnownFileType = sourcecode.c.h; path = SSSolidColorCollectionCell.h; sourceTree = "<group>"; };
		492A5D45179B2AC800A137CC /* SSSolidColorCollectionCell.m */ = {isa = PBXFileReference; fileEncoding = 4; lastKnownFileType = sourcecode.c.objc; path = SSSolidColorCollectionCell.m; sourceTree = "<group>"; };
		492A5D46179B2AC800A137CC /* SSTableViewController.h */ = {isa = PBXFileReference; fileEncoding = 4; lastKnownFileType = sourcecode.c.h; path = SSTableViewController.h; sourceTree = "<group>"; };
		492A5D47179B2AC800A137CC /* SSTableViewController.m */ = {isa = PBXFileReference; fileEncoding = 4; lastKnownFileType = sourcecode.c.objc; path = SSTableViewController.m; sourceTree = "<group>"; };
		4958CB45179B4C75006AB61C /* SSArrayDataSourceTests.m */ = {isa = PBXFileReference; fileEncoding = 4; lastKnownFileType = sourcecode.c.objc; path = SSArrayDataSourceTests.m; sourceTree = "<group>"; };
		4958CB47179B4CBD006AB61C /* SSTestHelper.h */ = {isa = PBXFileReference; fileEncoding = 4; lastKnownFileType = sourcecode.c.h; path = SSTestHelper.h; sourceTree = "<group>"; };
		498D871F179B30CF00C8C365 /* SSBaseDataSourceTests.m */ = {isa = PBXFileReference; fileEncoding = 4; lastKnownFileType = sourcecode.c.objc; path = SSBaseDataSourceTests.m; sourceTree = "<group>"; };
		499A54CD182BDF450009ECF6 /* SSSectionedDataSourceTests.m */ = {isa = PBXFileReference; fileEncoding = 4; lastKnownFileType = sourcecode.c.objc; path = SSSectionedDataSourceTests.m; sourceTree = "<group>"; };
		49F8C94518EE001300569F18 /* SSArrayDataSourceKeyPathTests.m */ = {isa = PBXFileReference; fileEncoding = 4; lastKnownFileType = sourcecode.c.objc; path = SSArrayDataSourceKeyPathTests.m; sourceTree = "<group>"; };
		528C98377D5A90A3638E518A /* Pods-ExampleSSDataSourcesTests.release.xcconfig */ = {isa = PBXFileReference; includeInIndex = 1; lastKnownFileType = text.xcconfig; name = "Pods-ExampleSSDataSourcesTests.release.xcconfig"; path = "Pods/Target Support Files/Pods-ExampleSSDataSourcesTests/Pods-ExampleSSDataSourcesTests.release.xcconfig"; sourceTree = "<group>"; };
		5E0C9217193A7F8A00713FBE /* ExampleSSDataSources.xcdatamodel */ = {isa = PBXFileReference; lastKnownFileType = wrapper.xcdatamodel; path = ExampleSSDataSources.xcdatamodel; sourceTree = "<group>"; };
		5E0C921C193A7FEE00713FBE /* Wizard.h */ = {isa = PBXFileReference; fileEncoding = 4; lastKnownFileType = sourcecode.c.h; path = Wizard.h; sourceTree = "<group>"; };
		5E0C921D193A7FEE00713FBE /* Wizard.m */ = {isa = PBXFileReference; fileEncoding = 4; lastKnownFileType = sourcecode.c.objc; path = Wizard.m; sourceTree = "<group>"; };
		5E0C921F193A80D600713FBE /* SSCoreDataSourceTests.m */ = {isa = PBXFileReference; fileEncoding = 4; lastKnownFileType = sourcecode.c.objc; path = SSCoreDataSourceTests.m; sourceTree = "<group>"; };
		5E0C9221193A831100713FBE /* CoreData.framework */ = {isa = PBXFileReference; lastKnownFileType = wrapper.framework; name = CoreData.framework; path = System/Library/Frameworks/CoreData.framework; sourceTree = SDKROOT; };
		5E144175179B6B7700030595 /* SSRootViewController.h */ = {isa = PBXFileReference; fileEncoding = 4; lastKnownFileType = sourcecode.c.h; path = SSRootViewController.h; sourceTree = "<group>"; };
		5E144176179B6B7700030595 /* SSRootViewController.m */ = {isa = PBXFileReference; fileEncoding = 4; lastKnownFileType = sourcecode.c.objc; path = SSRootViewController.m; sourceTree = "<group>"; };
		5EBDEC0918F701780031A2B3 /* XCTest.framework */ = {isa = PBXFileReference; lastKnownFileType = wrapper.framework; name = XCTest.framework; path = Library/Frameworks/XCTest.framework; sourceTree = DEVELOPER_DIR; };
		5ED4A3361A266090001E72B1 /* SSExpandingViewController.h */ = {isa = PBXFileReference; fileEncoding = 4; lastKnownFileType = sourcecode.c.h; path = SSExpandingViewController.h; sourceTree = "<group>"; };
		5ED4A3371A266090001E72B1 /* SSExpandingViewController.m */ = {isa = PBXFileReference; fileEncoding = 4; lastKnownFileType = sourcecode.c.objc; path = SSExpandingViewController.m; sourceTree = "<group>"; };
		5ED4A3391A26685A001E72B1 /* SSExpandingDataSourceTests.m */ = {isa = PBXFileReference; fileEncoding = 4; lastKnownFileType = sourcecode.c.objc; path = SSExpandingDataSourceTests.m; sourceTree = "<group>"; };
		5ED650AA19D7764400514745 /* Images.xcassets */ = {isa = PBXFileReference; lastKnownFileType = folder.assetcatalog; name = Images.xcassets; path = ../Images.xcassets; sourceTree = "<group>"; };
		5EDF4B8C17CC1E5700788CB5 /* SSSectionedViewController.h */ = {isa = PBXFileReference; fileEncoding = 4; lastKnownFileType = sourcecode.c.h; path = SSSectionedViewController.h; sourceTree = "<group>"; };
		5EDF4B8D17CC1E5700788CB5 /* SSSectionedViewController.m */ = {isa = PBXFileReference; fileEncoding = 4; lastKnownFileType = sourcecode.c.objc; path = SSSectionedViewController.m; sourceTree = "<group>"; };
		5EDFCA3B17B41DC50018D895 /* SSCollectionViewSectionHeader.h */ = {isa = PBXFileReference; fileEncoding = 4; lastKnownFileType = sourcecode.c.h; path = SSCollectionViewSectionHeader.h; sourceTree = "<group>"; };
		5EDFCA3C17B41DC50018D895 /* SSCollectionViewSectionHeader.m */ = {isa = PBXFileReference; fileEncoding = 4; lastKnownFileType = sourcecode.c.objc; path = SSCollectionViewSectionHeader.m; sourceTree = "<group>"; };
		60DE92F2CD3643D180EFBAC8 /* libPods.a */ = {isa = PBXFileReference; explicitFileType = archive.ar; includeInIndex = 0; path = libPods.a; sourceTree = BUILT_PRODUCTS_DIR; };
		89D445B4C5AB7C33719C3823 /* Pods-ExampleSSDataSourcesTests.debug.xcconfig */ = {isa = PBXFileReference; includeInIndex = 1; lastKnownFileType = text.xcconfig; name = "Pods-ExampleSSDataSourcesTests.debug.xcconfig"; path = "Pods/Target Support Files/Pods-ExampleSSDataSourcesTests/Pods-ExampleSSDataSourcesTests.debug.xcconfig"; sourceTree = "<group>"; };
		A98CEEB5685492806F901A01 /* Pods-ExampleSSDataSources.release.xcconfig */ = {isa = PBXFileReference; includeInIndex = 1; lastKnownFileType = text.xcconfig; name = "Pods-ExampleSSDataSources.release.xcconfig"; path = "Pods/Target Support Files/Pods-ExampleSSDataSources/Pods-ExampleSSDataSources.release.xcconfig"; sourceTree = "<group>"; };
/* End PBXFileReference section */

/* Begin PBXFrameworksBuildPhase section */
		492A5D05179B29B600A137CC /* Frameworks */ = {
			isa = PBXFrameworksBuildPhase;
			buildActionMask = 2147483647;
			files = (
				492A5D0C179B29B600A137CC /* UIKit.framework in Frameworks */,
				492A5D0E179B29B600A137CC /* Foundation.framework in Frameworks */,
				492A5D10179B29B600A137CC /* CoreGraphics.framework in Frameworks */,
				9F12BB4FC277A5AFD6375A50 /* libPods-ExampleSSDataSources.a in Frameworks */,
			);
			runOnlyForDeploymentPostprocessing = 0;
		};
		492A5D24179B29B600A137CC /* Frameworks */ = {
			isa = PBXFrameworksBuildPhase;
			buildActionMask = 2147483647;
			files = (
				5E0C9222193A831100713FBE /* CoreData.framework in Frameworks */,
				5EBDEC0A18F701780031A2B3 /* XCTest.framework in Frameworks */,
				492A5D2B179B29B600A137CC /* UIKit.framework in Frameworks */,
				492A5D2C179B29B600A137CC /* Foundation.framework in Frameworks */,
				A69E5B74D1A04ADB91B98B23 /* libPods-ExampleSSDataSourcesTests.a in Frameworks */,
			);
			runOnlyForDeploymentPostprocessing = 0;
		};
/* End PBXFrameworksBuildPhase section */

/* Begin PBXGroup section */
		492A5CFF179B29B600A137CC = {
			isa = PBXGroup;
			children = (
				492A5D11179B29B600A137CC /* ExampleSSDataSources */,
				492A5D2F179B29B600A137CC /* ExampleSSDataSourcesTests */,
				492A5D0A179B29B600A137CC /* Frameworks */,
				492A5D09179B29B600A137CC /* Products */,
				EC9682453F22A90C12186D37 /* Pods */,
			);
			sourceTree = "<group>";
		};
		492A5D09179B29B600A137CC /* Products */ = {
			isa = PBXGroup;
			children = (
				492A5D08179B29B600A137CC /* ExampleSSDataSources.app */,
				492A5D28179B29B600A137CC /* ExampleSSDataSourcesTests.xctest */,
			);
			name = Products;
			sourceTree = "<group>";
		};
		492A5D0A179B29B600A137CC /* Frameworks */ = {
			isa = PBXGroup;
			children = (
				5E0C9221193A831100713FBE /* CoreData.framework */,
				5EBDEC0918F701780031A2B3 /* XCTest.framework */,
				492A5D0B179B29B600A137CC /* UIKit.framework */,
				492A5D0D179B29B600A137CC /* Foundation.framework */,
				492A5D0F179B29B600A137CC /* CoreGraphics.framework */,
				492A5D29179B29B600A137CC /* SenTestingKit.framework */,
				60DE92F2CD3643D180EFBAC8 /* libPods.a */,
				0B8DA104C6404BC8ACAC8664 /* libPods-ExampleSSDataSourcesTests.a */,
				1FFBB68A55EAF81A1565BB89 /* libPods-ExampleSSDataSources.a */,
			);
			name = Frameworks;
			sourceTree = "<group>";
		};
		492A5D11179B29B600A137CC /* ExampleSSDataSources */ = {
			isa = PBXGroup;
			children = (
				492A5D40179B2AC800A137CC /* SSAppDelegate.h */,
				492A5D41179B2AC800A137CC /* SSAppDelegate.m */,
				5E0C921A193A7FA300713FBE /* Cells */,
				5E0C921B193A7FB400713FBE /* Controllers */,
				5E0C9219193A7F9300713FBE /* Model */,
				492A5D12179B29B600A137CC /* Supporting Files */,
			);
			path = ExampleSSDataSources;
			sourceTree = "<group>";
		};
		492A5D12179B29B600A137CC /* Supporting Files */ = {
			isa = PBXGroup;
			children = (
				5ED650AA19D7764400514745 /* Images.xcassets */,
				492A5D13179B29B600A137CC /* ExampleSSDataSources-Info.plist */,
				492A5D14179B29B600A137CC /* InfoPlist.strings */,
				492A5D17179B29B600A137CC /* main.m */,
				492A5D19179B29B600A137CC /* ExampleSSDataSources-Prefix.pch */,
				492A5D1D179B29B600A137CC /* Default.png */,
				492A5D1F179B29B600A137CC /* Default@2x.png */,
				492A5D21179B29B600A137CC /* Default-568h@2x.png */,
			);
			path = "Supporting Files";
			sourceTree = "<group>";
		};
		492A5D2F179B29B600A137CC /* ExampleSSDataSourcesTests */ = {
			isa = PBXGroup;
			children = (
				4958CB45179B4C75006AB61C /* SSArrayDataSourceTests.m */,
				49F8C94518EE001300569F18 /* SSArrayDataSourceKeyPathTests.m */,
				498D871F179B30CF00C8C365 /* SSBaseDataSourceTests.m */,
				5E0C921F193A80D600713FBE /* SSCoreDataSourceTests.m */,
				499A54CD182BDF450009ECF6 /* SSSectionedDataSourceTests.m */,
				5ED4A3391A26685A001E72B1 /* SSExpandingDataSourceTests.m */,
				492A5D30179B29B600A137CC /* Supporting Files */,
			);
			path = ExampleSSDataSourcesTests;
			sourceTree = "<group>";
		};
		492A5D30179B29B600A137CC /* Supporting Files */ = {
			isa = PBXGroup;
			children = (
				492A5D31179B29B600A137CC /* ExampleSSDataSourcesTests-Info.plist */,
				492A5D32179B29B600A137CC /* InfoPlist.strings */,
				4958CB47179B4CBD006AB61C /* SSTestHelper.h */,
			);
			path = "Supporting Files";
			sourceTree = "<group>";
		};
		5E0C9219193A7F9300713FBE /* Model */ = {
			isa = PBXGroup;
			children = (
				5E0C9216193A7F8A00713FBE /* ExampleSSDataSources.xcdatamodeld */,
				5E0C921C193A7FEE00713FBE /* Wizard.h */,
				5E0C921D193A7FEE00713FBE /* Wizard.m */,
			);
			path = Model;
			sourceTree = "<group>";
		};
		5E0C921A193A7FA300713FBE /* Cells */ = {
			isa = PBXGroup;
			children = (
				5EDFCA3B17B41DC50018D895 /* SSCollectionViewSectionHeader.h */,
				5EDFCA3C17B41DC50018D895 /* SSCollectionViewSectionHeader.m */,
				492A5D44179B2AC800A137CC /* SSSolidColorCollectionCell.h */,
				492A5D45179B2AC800A137CC /* SSSolidColorCollectionCell.m */,
			);
			path = Cells;
			sourceTree = "<group>";
		};
		5E0C921B193A7FB400713FBE /* Controllers */ = {
			isa = PBXGroup;
			children = (
				492A5D42179B2AC800A137CC /* SSCollectionViewController.h */,
				492A5D43179B2AC800A137CC /* SSCollectionViewController.m */,
				5ED4A3361A266090001E72B1 /* SSExpandingViewController.h */,
				5ED4A3371A266090001E72B1 /* SSExpandingViewController.m */,
				5E144175179B6B7700030595 /* SSRootViewController.h */,
				5E144176179B6B7700030595 /* SSRootViewController.m */,
				492A5D46179B2AC800A137CC /* SSTableViewController.h */,
				492A5D47179B2AC800A137CC /* SSTableViewController.m */,
				5EDF4B8C17CC1E5700788CB5 /* SSSectionedViewController.h */,
				5EDF4B8D17CC1E5700788CB5 /* SSSectionedViewController.m */,
			);
			path = Controllers;
			sourceTree = "<group>";
		};
		EC9682453F22A90C12186D37 /* Pods */ = {
			isa = PBXGroup;
			children = (
				145B5815CA251A320EAA2F44 /* Pods.debug.xcconfig */,
				3F849C8E056CB675FF1589B9 /* Pods.release.xcconfig */,
				89D445B4C5AB7C33719C3823 /* Pods-ExampleSSDataSourcesTests.debug.xcconfig */,
				528C98377D5A90A3638E518A /* Pods-ExampleSSDataSourcesTests.release.xcconfig */,
				252708AA31CB740D809359FB /* Pods-ExampleSSDataSources.debug.xcconfig */,
				A98CEEB5685492806F901A01 /* Pods-ExampleSSDataSources.release.xcconfig */,
			);
			name = Pods;
			sourceTree = "<group>";
		};
/* End PBXGroup section */

/* Begin PBXNativeTarget section */
		492A5D07179B29B600A137CC /* ExampleSSDataSources */ = {
			isa = PBXNativeTarget;
			buildConfigurationList = 492A5D3A179B29B600A137CC /* Build configuration list for PBXNativeTarget "ExampleSSDataSources" */;
			buildPhases = (
				EAE1F0F2C6644850BEFC4381 /* [CP] Check Pods Manifest.lock */,
				492A5D04179B29B600A137CC /* Sources */,
				492A5D05179B29B600A137CC /* Frameworks */,
				492A5D06179B29B600A137CC /* Resources */,
				309CC932E2D44C2198CFA9D8 /* [CP] Copy Pods Resources */,
				3077EDECE603424093E32E52 /* [CP] Embed Pods Frameworks */,
			);
			buildRules = (
			);
			dependencies = (
			);
			name = ExampleSSDataSources;
			productName = ExampleSSDataSources;
			productReference = 492A5D08179B29B600A137CC /* ExampleSSDataSources.app */;
			productType = "com.apple.product-type.application";
		};
		492A5D27179B29B600A137CC /* ExampleSSDataSourcesTests */ = {
			isa = PBXNativeTarget;
			buildConfigurationList = 492A5D3D179B29B600A137CC /* Build configuration list for PBXNativeTarget "ExampleSSDataSourcesTests" */;
			buildPhases = (
				9151E8EF47DD448594DE4DFC /* [CP] Check Pods Manifest.lock */,
				492A5D23179B29B600A137CC /* Sources */,
				492A5D24179B29B600A137CC /* Frameworks */,
				492A5D25179B29B600A137CC /* Resources */,
				B57A123B2C074AD29EAC1F0A /* [CP] Copy Pods Resources */,
				B7514BCFC82FFA7126B31F4D /* [CP] Embed Pods Frameworks */,
			);
			buildRules = (
			);
			dependencies = (
				492A5D2E179B29B600A137CC /* PBXTargetDependency */,
			);
			name = ExampleSSDataSourcesTests;
			productName = ExampleSSDataSourcesTests;
			productReference = 492A5D28179B29B600A137CC /* ExampleSSDataSourcesTests.xctest */;
			productType = "com.apple.product-type.bundle.unit-test";
		};
/* End PBXNativeTarget section */

/* Begin PBXProject section */
		492A5D00179B29B600A137CC /* Project object */ = {
			isa = PBXProject;
			attributes = {
				CLASSPREFIX = SS;
				LastTestingUpgradeCheck = 0510;
				LastUpgradeCheck = 0800;
				ORGANIZATIONNAME = Splinesoft;
			};
			buildConfigurationList = 492A5D03179B29B600A137CC /* Build configuration list for PBXProject "ExampleSSDataSources" */;
			compatibilityVersion = "Xcode 3.2";
			developmentRegion = English;
			hasScannedForEncodings = 0;
			knownRegions = (
				en,
			);
			mainGroup = 492A5CFF179B29B600A137CC;
			productRefGroup = 492A5D09179B29B600A137CC /* Products */;
			projectDirPath = "";
			projectRoot = "";
			targets = (
				492A5D07179B29B600A137CC /* ExampleSSDataSources */,
				492A5D27179B29B600A137CC /* ExampleSSDataSourcesTests */,
			);
		};
/* End PBXProject section */

/* Begin PBXResourcesBuildPhase section */
		492A5D06179B29B600A137CC /* Resources */ = {
			isa = PBXResourcesBuildPhase;
			buildActionMask = 2147483647;
			files = (
				492A5D16179B29B600A137CC /* InfoPlist.strings in Resources */,
				5ED650AB19D7764400514745 /* Images.xcassets in Resources */,
				492A5D1E179B29B600A137CC /* Default.png in Resources */,
				492A5D20179B29B600A137CC /* Default@2x.png in Resources */,
				492A5D22179B29B600A137CC /* Default-568h@2x.png in Resources */,
			);
			runOnlyForDeploymentPostprocessing = 0;
		};
		492A5D25179B29B600A137CC /* Resources */ = {
			isa = PBXResourcesBuildPhase;
			buildActionMask = 2147483647;
			files = (
				492A5D34179B29B600A137CC /* InfoPlist.strings in Resources */,
			);
			runOnlyForDeploymentPostprocessing = 0;
		};
/* End PBXResourcesBuildPhase section */

/* Begin PBXShellScriptBuildPhase section */
		3077EDECE603424093E32E52 /* [CP] Embed Pods Frameworks */ = {
			isa = PBXShellScriptBuildPhase;
			buildActionMask = 2147483647;
			files = (
			);
			inputPaths = (
			);
			name = "[CP] Embed Pods Frameworks";
			outputPaths = (
			);
			runOnlyForDeploymentPostprocessing = 0;
			shellPath = /bin/sh;
			shellScript = "\"${SRCROOT}/Pods/Target Support Files/Pods-ExampleSSDataSources/Pods-ExampleSSDataSources-frameworks.sh\"\n";
			showEnvVarsInLog = 0;
		};
		309CC932E2D44C2198CFA9D8 /* [CP] Copy Pods Resources */ = {
			isa = PBXShellScriptBuildPhase;
			buildActionMask = 2147483647;
			files = (
			);
			inputPaths = (
			);
			name = "[CP] Copy Pods Resources";
			outputPaths = (
			);
			runOnlyForDeploymentPostprocessing = 0;
			shellPath = /bin/sh;
			shellScript = "\"${SRCROOT}/Pods/Target Support Files/Pods-ExampleSSDataSources/Pods-ExampleSSDataSources-resources.sh\"\n";
			showEnvVarsInLog = 0;
		};
		9151E8EF47DD448594DE4DFC /* [CP] Check Pods Manifest.lock */ = {
			isa = PBXShellScriptBuildPhase;
			buildActionMask = 2147483647;
			files = (
			);
			inputPaths = (
			);
			name = "[CP] Check Pods Manifest.lock";
			outputPaths = (
			);
			runOnlyForDeploymentPostprocessing = 0;
			shellPath = /bin/sh;
			shellScript = "diff \"${PODS_ROOT}/../Podfile.lock\" \"${PODS_ROOT}/Manifest.lock\" > /dev/null\nif [ $? != 0 ] ; then\n    # print error to STDERR\n    echo \"error: The sandbox is not in sync with the Podfile.lock. Run \'pod install\' or update your CocoaPods installation.\" >&2\n    exit 1\nfi\n";
			showEnvVarsInLog = 0;
		};
		B57A123B2C074AD29EAC1F0A /* [CP] Copy Pods Resources */ = {
			isa = PBXShellScriptBuildPhase;
			buildActionMask = 2147483647;
			files = (
			);
			inputPaths = (
			);
			name = "[CP] Copy Pods Resources";
			outputPaths = (
			);
			runOnlyForDeploymentPostprocessing = 0;
			shellPath = /bin/sh;
			shellScript = "\"${SRCROOT}/Pods/Target Support Files/Pods-ExampleSSDataSourcesTests/Pods-ExampleSSDataSourcesTests-resources.sh\"\n";
			showEnvVarsInLog = 0;
		};
		B7514BCFC82FFA7126B31F4D /* [CP] Embed Pods Frameworks */ = {
			isa = PBXShellScriptBuildPhase;
			buildActionMask = 2147483647;
			files = (
			);
			inputPaths = (
			);
			name = "[CP] Embed Pods Frameworks";
			outputPaths = (
			);
			runOnlyForDeploymentPostprocessing = 0;
			shellPath = /bin/sh;
			shellScript = "\"${SRCROOT}/Pods/Target Support Files/Pods-ExampleSSDataSourcesTests/Pods-ExampleSSDataSourcesTests-frameworks.sh\"\n";
			showEnvVarsInLog = 0;
		};
		EAE1F0F2C6644850BEFC4381 /* [CP] Check Pods Manifest.lock */ = {
			isa = PBXShellScriptBuildPhase;
			buildActionMask = 2147483647;
			files = (
			);
			inputPaths = (
			);
			name = "[CP] Check Pods Manifest.lock";
			outputPaths = (
			);
			runOnlyForDeploymentPostprocessing = 0;
			shellPath = /bin/sh;
			shellScript = "diff \"${PODS_ROOT}/../Podfile.lock\" \"${PODS_ROOT}/Manifest.lock\" > /dev/null\nif [ $? != 0 ] ; then\n    # print error to STDERR\n    echo \"error: The sandbox is not in sync with the Podfile.lock. Run \'pod install\' or update your CocoaPods installation.\" >&2\n    exit 1\nfi\n";
			showEnvVarsInLog = 0;
		};
/* End PBXShellScriptBuildPhase section */

/* Begin PBXSourcesBuildPhase section */
		492A5D04179B29B600A137CC /* Sources */ = {
			isa = PBXSourcesBuildPhase;
			buildActionMask = 2147483647;
			files = (
				5E0C921E193A7FEE00713FBE /* Wizard.m in Sources */,
				492A5D18179B29B600A137CC /* main.m in Sources */,
				492A5D48179B2AC800A137CC /* SSAppDelegate.m in Sources */,
				5E0C9218193A7F8A00713FBE /* ExampleSSDataSources.xcdatamodeld in Sources */,
				492A5D49179B2AC800A137CC /* SSCollectionViewController.m in Sources */,
				492A5D4A179B2AC800A137CC /* SSSolidColorCollectionCell.m in Sources */,
				5ED4A3381A266090001E72B1 /* SSExpandingViewController.m in Sources */,
				492A5D4B179B2AC800A137CC /* SSTableViewController.m in Sources */,
				5E144177179B6B7700030595 /* SSRootViewController.m in Sources */,
				5EDFCA3D17B41DC50018D895 /* SSCollectionViewSectionHeader.m in Sources */,
				5EDF4B8E17CC1E5700788CB5 /* SSSectionedViewController.m in Sources */,
			);
			runOnlyForDeploymentPostprocessing = 0;
		};
		492A5D23179B29B600A137CC /* Sources */ = {
			isa = PBXSourcesBuildPhase;
			buildActionMask = 2147483647;
			files = (
				498D8720179B30CF00C8C365 /* SSBaseDataSourceTests.m in Sources */,
				499A54CE182BDF450009ECF6 /* SSSectionedDataSourceTests.m in Sources */,
				4958CB46179B4C75006AB61C /* SSArrayDataSourceTests.m in Sources */,
				5E0C9220193A80D600713FBE /* SSCoreDataSourceTests.m in Sources */,
				49F8C94618EE001300569F18 /* SSArrayDataSourceKeyPathTests.m in Sources */,
				5ED4A33A1A26685A001E72B1 /* SSExpandingDataSourceTests.m in Sources */,
			);
			runOnlyForDeploymentPostprocessing = 0;
		};
/* End PBXSourcesBuildPhase section */

/* Begin PBXTargetDependency section */
		492A5D2E179B29B600A137CC /* PBXTargetDependency */ = {
			isa = PBXTargetDependency;
			target = 492A5D07179B29B600A137CC /* ExampleSSDataSources */;
			targetProxy = 492A5D2D179B29B600A137CC /* PBXContainerItemProxy */;
		};
/* End PBXTargetDependency section */

/* Begin PBXVariantGroup section */
		492A5D14179B29B600A137CC /* InfoPlist.strings */ = {
			isa = PBXVariantGroup;
			children = (
				492A5D15179B29B600A137CC /* en */,
			);
			name = InfoPlist.strings;
			sourceTree = "<group>";
		};
		492A5D32179B29B600A137CC /* InfoPlist.strings */ = {
			isa = PBXVariantGroup;
			children = (
				492A5D33179B29B600A137CC /* en */,
			);
			name = InfoPlist.strings;
			sourceTree = "<group>";
		};
/* End PBXVariantGroup section */

/* Begin XCBuildConfiguration section */
		492A5D38179B29B600A137CC /* Debug */ = {
			isa = XCBuildConfiguration;
			buildSettings = {
				ALWAYS_SEARCH_USER_PATHS = NO;
				CLANG_CXX_LANGUAGE_STANDARD = "gnu++0x";
				CLANG_CXX_LIBRARY = "libc++";
				CLANG_ENABLE_MODULES = YES;
				CLANG_ENABLE_OBJC_ARC = YES;
				CLANG_WARN_BOOL_CONVERSION = YES;
				CLANG_WARN_CONSTANT_CONVERSION = YES;
				CLANG_WARN_EMPTY_BODY = YES;
				CLANG_WARN_ENUM_CONVERSION = YES;
				CLANG_WARN_INFINITE_RECURSION = YES;
				CLANG_WARN_INT_CONVERSION = YES;
				CLANG_WARN_SUSPICIOUS_MOVE = YES;
				CLANG_WARN_UNREACHABLE_CODE = YES;
				CLANG_WARN__DUPLICATE_METHOD_MATCH = YES;
				"CODE_SIGN_IDENTITY[sdk=iphoneos*]" = "iPhone Developer";
				COPY_PHASE_STRIP = NO;
				ENABLE_STRICT_OBJC_MSGSEND = YES;
				ENABLE_TESTABILITY = YES;
				GCC_C_LANGUAGE_STANDARD = gnu99;
				GCC_DYNAMIC_NO_PIC = NO;
				GCC_GENERATE_TEST_COVERAGE_FILES = YES;
				GCC_INSTRUMENT_PROGRAM_FLOW_ARCS = YES;
				GCC_NO_COMMON_BLOCKS = YES;
				GCC_OPTIMIZATION_LEVEL = 0;
				GCC_PREPROCESSOR_DEFINITIONS = (
					"DEBUG=1",
					"$(inherited)",
				);
				GCC_SYMBOLS_PRIVATE_EXTERN = NO;
				GCC_WARN_64_TO_32_BIT_CONVERSION = YES;
				GCC_WARN_ABOUT_RETURN_TYPE = YES;
				GCC_WARN_UNDECLARED_SELECTOR = YES;
				GCC_WARN_UNINITIALIZED_AUTOS = YES;
				GCC_WARN_UNUSED_FUNCTION = YES;
				GCC_WARN_UNUSED_VARIABLE = YES;
				IPHONEOS_DEPLOYMENT_TARGET = 8.0;
				ONLY_ACTIVE_ARCH = YES;
				SDKROOT = iphoneos;
				TARGETED_DEVICE_FAMILY = "1,2";
			};
			name = Debug;
		};
		492A5D39179B29B600A137CC /* Release */ = {
			isa = XCBuildConfiguration;
			buildSettings = {
				ALWAYS_SEARCH_USER_PATHS = NO;
				CLANG_CXX_LANGUAGE_STANDARD = "gnu++0x";
				CLANG_CXX_LIBRARY = "libc++";
				CLANG_ENABLE_MODULES = YES;
				CLANG_ENABLE_OBJC_ARC = YES;
				CLANG_WARN_BOOL_CONVERSION = YES;
				CLANG_WARN_CONSTANT_CONVERSION = YES;
				CLANG_WARN_EMPTY_BODY = YES;
				CLANG_WARN_ENUM_CONVERSION = YES;
				CLANG_WARN_INFINITE_RECURSION = YES;
				CLANG_WARN_INT_CONVERSION = YES;
				CLANG_WARN_SUSPICIOUS_MOVE = YES;
				CLANG_WARN_UNREACHABLE_CODE = YES;
				CLANG_WARN__DUPLICATE_METHOD_MATCH = YES;
				"CODE_SIGN_IDENTITY[sdk=iphoneos*]" = "iPhone Developer";
				COPY_PHASE_STRIP = YES;
				ENABLE_STRICT_OBJC_MSGSEND = YES;
				GCC_C_LANGUAGE_STANDARD = gnu99;
				GCC_GENERATE_TEST_COVERAGE_FILES = YES;
				GCC_INSTRUMENT_PROGRAM_FLOW_ARCS = YES;
				GCC_NO_COMMON_BLOCKS = YES;
				GCC_WARN_64_TO_32_BIT_CONVERSION = YES;
				GCC_WARN_ABOUT_RETURN_TYPE = YES;
				GCC_WARN_UNDECLARED_SELECTOR = YES;
				GCC_WARN_UNINITIALIZED_AUTOS = YES;
				GCC_WARN_UNUSED_FUNCTION = YES;
				GCC_WARN_UNUSED_VARIABLE = YES;
				IPHONEOS_DEPLOYMENT_TARGET = 8.0;
				OTHER_CFLAGS = "-DNS_BLOCK_ASSERTIONS=1";
				SDKROOT = iphoneos;
				TARGETED_DEVICE_FAMILY = "1,2";
				VALIDATE_PRODUCT = YES;
			};
			name = Release;
		};
		492A5D3B179B29B600A137CC /* Debug */ = {
			isa = XCBuildConfiguration;
			baseConfigurationReference = 252708AA31CB740D809359FB /* Pods-ExampleSSDataSources.debug.xcconfig */;
			buildSettings = {
				ASSETCATALOG_COMPILER_APPICON_NAME = AppIcon;
				ASSETCATALOG_COMPILER_LAUNCHIMAGE_NAME = LaunchImage;
				CLANG_ANALYZER_SECURITY_FLOATLOOPCOUNTER = YES;
				CLANG_ANALYZER_SECURITY_INSECUREAPI_RAND = YES;
				CLANG_ANALYZER_SECURITY_INSECUREAPI_STRCPY = YES;
				CLANG_WARN_CXX0X_EXTENSIONS = YES;
				CLANG_WARN_DEPRECATED_OBJC_IMPLEMENTATIONS = YES;
				CLANG_WARN_DOCUMENTATION_COMMENTS = YES;
				CLANG_WARN_IMPLICIT_SIGN_CONVERSION = YES;
				CLANG_WARN_OBJC_EXPLICIT_OWNERSHIP_TYPE = YES;
				CLANG_WARN_OBJC_IMPLICIT_ATOMIC_PROPERTIES = YES;
				CLANG_WARN_OBJC_IMPLICIT_RETAIN_SELF = YES;
				CLANG_WARN_OBJC_REPEATED_USE_OF_WEAK = YES;
				CLANG_WARN_SUSPICIOUS_IMPLICIT_CONVERSION = YES;
				CLANG_WARN__EXIT_TIME_DESTRUCTORS = YES;
				GCC_PRECOMPILE_PREFIX_HEADER = YES;
				GCC_PREFIX_HEADER = "ExampleSSDataSources/Supporting Files/ExampleSSDataSources-Prefix.pch";
				GCC_TREAT_IMPLICIT_FUNCTION_DECLARATIONS_AS_ERRORS = YES;
				GCC_TREAT_INCOMPATIBLE_POINTER_TYPE_WARNINGS_AS_ERRORS = YES;
				GCC_WARN_64_TO_32_BIT_CONVERSION = YES;
				GCC_WARN_ABOUT_MISSING_FIELD_INITIALIZERS = YES;
				GCC_WARN_ABOUT_MISSING_NEWLINE = YES;
				GCC_WARN_ABOUT_MISSING_PROTOTYPES = YES;
				GCC_WARN_FOUR_CHARACTER_CONSTANTS = YES;
				GCC_WARN_HIDDEN_VIRTUAL_FUNCTIONS = YES;
				GCC_WARN_INITIALIZER_NOT_FULLY_BRACKETED = YES;
				GCC_WARN_MULTIPLE_DEFINITION_TYPES_FOR_SELECTOR = YES;
				GCC_WARN_NON_VIRTUAL_DESTRUCTOR = YES;
				GCC_WARN_SHADOW = YES;
				GCC_WARN_SIGN_COMPARE = YES;
				GCC_WARN_STRICT_SELECTOR_MATCH = YES;
				GCC_WARN_UNDECLARED_SELECTOR = YES;
				GCC_WARN_UNKNOWN_PRAGMAS = YES;
				GCC_WARN_UNUSED_FUNCTION = YES;
				GCC_WARN_UNUSED_LABEL = YES;
				INFOPLIST_FILE = "ExampleSSDataSources/Supporting Files/ExampleSSDataSources-Info.plist";
				IPHONEOS_DEPLOYMENT_TARGET = 8.0;
				PRODUCT_BUNDLE_IDENTIFIER = "net.splinesoft.${PRODUCT_NAME:rfc1034identifier}";
				PRODUCT_NAME = "$(TARGET_NAME)";
				RUN_CLANG_STATIC_ANALYZER = YES;
				WRAPPER_EXTENSION = app;
			};
			name = Debug;
		};
		492A5D3C179B29B600A137CC /* Release */ = {
			isa = XCBuildConfiguration;
			baseConfigurationReference = A98CEEB5685492806F901A01 /* Pods-ExampleSSDataSources.release.xcconfig */;
			buildSettings = {
				ASSETCATALOG_COMPILER_APPICON_NAME = AppIcon;
				ASSETCATALOG_COMPILER_LAUNCHIMAGE_NAME = LaunchImage;
				CLANG_ANALYZER_SECURITY_FLOATLOOPCOUNTER = YES;
				CLANG_ANALYZER_SECURITY_INSECUREAPI_RAND = YES;
				CLANG_ANALYZER_SECURITY_INSECUREAPI_STRCPY = YES;
				CLANG_WARN_CXX0X_EXTENSIONS = YES;
				CLANG_WARN_DEPRECATED_OBJC_IMPLEMENTATIONS = YES;
				CLANG_WARN_DOCUMENTATION_COMMENTS = YES;
				CLANG_WARN_IMPLICIT_SIGN_CONVERSION = YES;
				CLANG_WARN_OBJC_EXPLICIT_OWNERSHIP_TYPE = YES;
				CLANG_WARN_OBJC_IMPLICIT_ATOMIC_PROPERTIES = YES;
				CLANG_WARN_OBJC_IMPLICIT_RETAIN_SELF = YES;
				CLANG_WARN_OBJC_REPEATED_USE_OF_WEAK = YES;
				CLANG_WARN_SUSPICIOUS_IMPLICIT_CONVERSION = YES;
				CLANG_WARN__EXIT_TIME_DESTRUCTORS = YES;
				GCC_PRECOMPILE_PREFIX_HEADER = YES;
				GCC_PREFIX_HEADER = "ExampleSSDataSources/Supporting Files/ExampleSSDataSources-Prefix.pch";
				GCC_TREAT_IMPLICIT_FUNCTION_DECLARATIONS_AS_ERRORS = YES;
				GCC_TREAT_INCOMPATIBLE_POINTER_TYPE_WARNINGS_AS_ERRORS = YES;
				GCC_WARN_64_TO_32_BIT_CONVERSION = YES;
				GCC_WARN_ABOUT_MISSING_FIELD_INITIALIZERS = YES;
				GCC_WARN_ABOUT_MISSING_NEWLINE = YES;
				GCC_WARN_ABOUT_MISSING_PROTOTYPES = YES;
				GCC_WARN_FOUR_CHARACTER_CONSTANTS = YES;
				GCC_WARN_HIDDEN_VIRTUAL_FUNCTIONS = YES;
				GCC_WARN_INITIALIZER_NOT_FULLY_BRACKETED = YES;
				GCC_WARN_MULTIPLE_DEFINITION_TYPES_FOR_SELECTOR = YES;
				GCC_WARN_NON_VIRTUAL_DESTRUCTOR = YES;
				GCC_WARN_SHADOW = YES;
				GCC_WARN_SIGN_COMPARE = YES;
				GCC_WARN_STRICT_SELECTOR_MATCH = YES;
				GCC_WARN_UNDECLARED_SELECTOR = YES;
				GCC_WARN_UNKNOWN_PRAGMAS = YES;
				GCC_WARN_UNUSED_FUNCTION = YES;
				GCC_WARN_UNUSED_LABEL = YES;
				INFOPLIST_FILE = "ExampleSSDataSources/Supporting Files/ExampleSSDataSources-Info.plist";
				IPHONEOS_DEPLOYMENT_TARGET = 8.0;
				PRODUCT_BUNDLE_IDENTIFIER = "net.splinesoft.${PRODUCT_NAME:rfc1034identifier}";
				PRODUCT_NAME = "$(TARGET_NAME)";
				RUN_CLANG_STATIC_ANALYZER = YES;
				WRAPPER_EXTENSION = app;
			};
			name = Release;
		};
		492A5D3E179B29B600A137CC /* Debug */ = {
			isa = XCBuildConfiguration;
			baseConfigurationReference = 89D445B4C5AB7C33719C3823 /* Pods-ExampleSSDataSourcesTests.debug.xcconfig */;
			buildSettings = {
				BUNDLE_LOADER = "$(BUILT_PRODUCTS_DIR)/ExampleSSDataSources.app/ExampleSSDataSources";
				GCC_PRECOMPILE_PREFIX_HEADER = YES;
				GCC_PREFIX_HEADER = "ExampleSSDataSources/Supporting Files/ExampleSSDataSources-Prefix.pch";
				INFOPLIST_FILE = "ExampleSSDataSourcesTests/Supporting Files/ExampleSSDataSourcesTests-Info.plist";
				PRODUCT_BUNDLE_IDENTIFIER = "net.splinesoft.${PRODUCT_NAME:rfc1034identifier}";
				PRODUCT_NAME = "$(TARGET_NAME)";
				TEST_HOST = "$(BUNDLE_LOADER)";
				WRAPPER_EXTENSION = xctest;
			};
			name = Debug;
		};
		492A5D3F179B29B600A137CC /* Release */ = {
			isa = XCBuildConfiguration;
			baseConfigurationReference = 528C98377D5A90A3638E518A /* Pods-ExampleSSDataSourcesTests.release.xcconfig */;
			buildSettings = {
				BUNDLE_LOADER = "$(BUILT_PRODUCTS_DIR)/ExampleSSDataSources.app/ExampleSSDataSources";
				GCC_PRECOMPILE_PREFIX_HEADER = YES;
				GCC_PREFIX_HEADER = "ExampleSSDataSources/Supporting Files/ExampleSSDataSources-Prefix.pch";
				INFOPLIST_FILE = "ExampleSSDataSourcesTests/Supporting Files/ExampleSSDataSourcesTests-Info.plist";
				PRODUCT_BUNDLE_IDENTIFIER = "net.splinesoft.${PRODUCT_NAME:rfc1034identifier}";
				PRODUCT_NAME = "$(TARGET_NAME)";
				TEST_HOST = "$(BUNDLE_LOADER)";
				WRAPPER_EXTENSION = xctest;
			};
			name = Release;
		};
/* End XCBuildConfiguration section */

/* Begin XCConfigurationList section */
		492A5D03179B29B600A137CC /* Build configuration list for PBXProject "ExampleSSDataSources" */ = {
			isa = XCConfigurationList;
			buildConfigurations = (
				492A5D38179B29B600A137CC /* Debug */,
				492A5D39179B29B600A137CC /* Release */,
			);
			defaultConfigurationIsVisible = 0;
			defaultConfigurationName = Release;
		};
		492A5D3A179B29B600A137CC /* Build configuration list for PBXNativeTarget "ExampleSSDataSources" */ = {
			isa = XCConfigurationList;
			buildConfigurations = (
				492A5D3B179B29B600A137CC /* Debug */,
				492A5D3C179B29B600A137CC /* Release */,
			);
			defaultConfigurationIsVisible = 0;
			defaultConfigurationName = Release;
		};
		492A5D3D179B29B600A137CC /* Build configuration list for PBXNativeTarget "ExampleSSDataSourcesTests" */ = {
			isa = XCConfigurationList;
			buildConfigurations = (
				492A5D3E179B29B600A137CC /* Debug */,
				492A5D3F179B29B600A137CC /* Release */,
			);
			defaultConfigurationIsVisible = 0;
			defaultConfigurationName = Release;
		};
/* End XCConfigurationList section */

/* Begin XCVersionGroup section */
		5E0C9216193A7F8A00713FBE /* ExampleSSDataSources.xcdatamodeld */ = {
			isa = XCVersionGroup;
			children = (
				5E0C9217193A7F8A00713FBE /* ExampleSSDataSources.xcdatamodel */,
			);
			currentVersion = 5E0C9217193A7F8A00713FBE /* ExampleSSDataSources.xcdatamodel */;
			path = ExampleSSDataSources.xcdatamodeld;
			sourceTree = "<group>";
			versionGroupType = wrapper.xcdatamodel;
		};
/* End XCVersionGroup section */
	};
	rootObject = 492A5D00179B29B600A137CC /* Project object */;
}
